
Microsoft Visual Studio Solution File, Format Version 12.00
# Visual Studio 15
VisualStudioVersion = 15.0.27130.2036
MinimumVisualStudioVersion = 10.0.40219.1
Project("{8BC9CEB8-8B4A-11D0-8D11-00A0C91BC942}") = "NCSPCore", "NCSPCore\NCSPCore.vcxproj", "{3EA4F1A1-317C-468E-851B-E5EB33FB8B49}"
EndProject
Project("{8BC9CEB8-8B4A-11D0-8D11-00A0C91BC942}") = "NCSPLib", "NCSPLib\NCSPLib.vcxproj", "{625C1ED9-EE80-4AAE-B3D6-53D4813B297C}"
	ProjectSection(ProjectDependencies) = postProject
		{3EA4F1A1-317C-468E-851B-E5EB33FB8B49} = {3EA4F1A1-317C-468E-851B-E5EB33FB8B49}
	EndProjectSection
EndProject
Project("{FAE04EC0-301F-11D3-BF4B-00C04F79EFBC}") = "NCSPgui", "NCSPgui\NCSPgui.csproj", "{6D3E2733-9E8F-475E-81E1-4A12C152B8EA}"
	ProjectSection(ProjectDependencies) = postProject
		{3EA4F1A1-317C-468E-851B-E5EB33FB8B49} = {3EA4F1A1-317C-468E-851B-E5EB33FB8B49}
		{625C1ED9-EE80-4AAE-B3D6-53D4813B297C} = {625C1ED9-EE80-4AAE-B3D6-53D4813B297C}
	EndProjectSection
EndProject
Project("{2150E333-8FDC-42A3-9474-1A3956D46DE8}") = "Solution Items", "Solution Items", "{25F1ADAB-5684-4D5E-B6F2-7F075F30770A}"
	ProjectSection(SolutionItems) = preProject
		README.md = README.md
	EndProjectSection
EndProject
Global
	GlobalSection(SolutionConfigurationPlatforms) = preSolution
		Debug|Any CPU = Debug|Any CPU
		Debug|Mixed Platforms = Debug|Mixed Platforms
		Debug|Win32 = Debug|Win32
		Debug|x64 = Debug|x64
		Debug|x86 = Debug|x86
		Release|Any CPU = Release|Any CPU
		Release|Mixed Platforms = Release|Mixed Platforms
		Release|Win32 = Release|Win32
		Release|x64 = Release|x64
		Release|x86 = Release|x86
	EndGlobalSection
	GlobalSection(ProjectConfigurationPlatforms) = postSolution
		{3EA4F1A1-317C-468E-851B-E5EB33FB8B49}.Debug|Any CPU.ActiveCfg = Debug|Win32
		{3EA4F1A1-317C-468E-851B-E5EB33FB8B49}.Debug|Mixed Platforms.ActiveCfg = Debug|Win32
		{3EA4F1A1-317C-468E-851B-E5EB33FB8B49}.Debug|Mixed Platforms.Build.0 = Debug|Win32
		{3EA4F1A1-317C-468E-851B-E5EB33FB8B49}.Debug|Win32.ActiveCfg = Debug|Win32
		{3EA4F1A1-317C-468E-851B-E5EB33FB8B49}.Debug|Win32.Build.0 = Debug|Win32
		{3EA4F1A1-317C-468E-851B-E5EB33FB8B49}.Debug|x64.ActiveCfg = Debug|x64
		{3EA4F1A1-317C-468E-851B-E5EB33FB8B49}.Debug|x64.Build.0 = Debug|x64
		{3EA4F1A1-317C-468E-851B-E5EB33FB8B49}.Debug|x86.ActiveCfg = Debug|Win32
		{3EA4F1A1-317C-468E-851B-E5EB33FB8B49}.Debug|x86.Build.0 = Debug|Win32
		{3EA4F1A1-317C-468E-851B-E5EB33FB8B49}.Release|Any CPU.ActiveCfg = Release|Win32
		{3EA4F1A1-317C-468E-851B-E5EB33FB8B49}.Release|Mixed Platforms.ActiveCfg = Release|Win32
		{3EA4F1A1-317C-468E-851B-E5EB33FB8B49}.Release|Mixed Platforms.Build.0 = Release|Win32
		{3EA4F1A1-317C-468E-851B-E5EB33FB8B49}.Release|Win32.ActiveCfg = Release|Win32
		{3EA4F1A1-317C-468E-851B-E5EB33FB8B49}.Release|Win32.Build.0 = Release|Win32
		{3EA4F1A1-317C-468E-851B-E5EB33FB8B49}.Release|x64.ActiveCfg = Release|x64
		{3EA4F1A1-317C-468E-851B-E5EB33FB8B49}.Release|x64.Build.0 = Release|x64
		{3EA4F1A1-317C-468E-851B-E5EB33FB8B49}.Release|x86.ActiveCfg = Release|Win32
		{3EA4F1A1-317C-468E-851B-E5EB33FB8B49}.Release|x86.Build.0 = Release|Win32
		{625C1ED9-EE80-4AAE-B3D6-53D4813B297C}.Debug|Any CPU.ActiveCfg = Debug|Win32
		{625C1ED9-EE80-4AAE-B3D6-53D4813B297C}.Debug|Mixed Platforms.ActiveCfg = Debug|Win32
		{625C1ED9-EE80-4AAE-B3D6-53D4813B297C}.Debug|Mixed Platforms.Build.0 = Debug|Win32
		{625C1ED9-EE80-4AAE-B3D6-53D4813B297C}.Debug|Win32.ActiveCfg = Debug|Win32
		{625C1ED9-EE80-4AAE-B3D6-53D4813B297C}.Debug|Win32.Build.0 = Debug|Win32
		{625C1ED9-EE80-4AAE-B3D6-53D4813B297C}.Debug|x64.ActiveCfg = Debug|x64
		{625C1ED9-EE80-4AAE-B3D6-53D4813B297C}.Debug|x64.Build.0 = Debug|x64
		{625C1ED9-EE80-4AAE-B3D6-53D4813B297C}.Debug|x86.ActiveCfg = Debug|Win32
		{625C1ED9-EE80-4AAE-B3D6-53D4813B297C}.Debug|x86.Build.0 = Debug|Win32
		{625C1ED9-EE80-4AAE-B3D6-53D4813B297C}.Release|Any CPU.ActiveCfg = Release|Win32
		{625C1ED9-EE80-4AAE-B3D6-53D4813B297C}.Release|Mixed Platforms.ActiveCfg = Release|Win32
		{625C1ED9-EE80-4AAE-B3D6-53D4813B297C}.Release|Mixed Platforms.Build.0 = Release|Win32
		{625C1ED9-EE80-4AAE-B3D6-53D4813B297C}.Release|Win32.ActiveCfg = Release|Win32
		{625C1ED9-EE80-4AAE-B3D6-53D4813B297C}.Release|Win32.Build.0 = Release|Win32
		{625C1ED9-EE80-4AAE-B3D6-53D4813B297C}.Release|x64.ActiveCfg = Release|x64
		{625C1ED9-EE80-4AAE-B3D6-53D4813B297C}.Release|x64.Build.0 = Release|x64
		{625C1ED9-EE80-4AAE-B3D6-53D4813B297C}.Release|x86.ActiveCfg = Release|Win32
		{625C1ED9-EE80-4AAE-B3D6-53D4813B297C}.Release|x86.Build.0 = Release|Win32
		{6D3E2733-9E8F-475E-81E1-4A12C152B8EA}.Debug|Any CPU.ActiveCfg = Debug|Any CPU
		{6D3E2733-9E8F-475E-81E1-4A12C152B8EA}.Debug|Any CPU.Build.0 = Debug|Any CPU
		{6D3E2733-9E8F-475E-81E1-4A12C152B8EA}.Debug|Mixed Platforms.ActiveCfg = Debug|Any CPU
		{6D3E2733-9E8F-475E-81E1-4A12C152B8EA}.Debug|Mixed Platforms.Build.0 = Debug|Any CPU
		{6D3E2733-9E8F-475E-81E1-4A12C152B8EA}.Debug|Win32.ActiveCfg = Debug|Any CPU
		{6D3E2733-9E8F-475E-81E1-4A12C152B8EA}.Debug|x64.ActiveCfg = Debug|x64
		{6D3E2733-9E8F-475E-81E1-4A12C152B8EA}.Debug|x64.Build.0 = Debug|x64
		{6D3E2733-9E8F-475E-81E1-4A12C152B8EA}.Debug|x86.ActiveCfg = Debug|x86
		{6D3E2733-9E8F-475E-81E1-4A12C152B8EA}.Debug|x86.Build.0 = Debug|x86
		{6D3E2733-9E8F-475E-81E1-4A12C152B8EA}.Release|Any CPU.ActiveCfg = Release|Any CPU
		{6D3E2733-9E8F-475E-81E1-4A12C152B8EA}.Release|Any CPU.Build.0 = Release|Any CPU
		{6D3E2733-9E8F-475E-81E1-4A12C152B8EA}.Release|Mixed Platforms.ActiveCfg = Release|Any CPU
		{6D3E2733-9E8F-475E-81E1-4A12C152B8EA}.Release|Mixed Platforms.Build.0 = Release|Any CPU
		{6D3E2733-9E8F-475E-81E1-4A12C152B8EA}.Release|Win32.ActiveCfg = Release|Any CPU
		{6D3E2733-9E8F-475E-81E1-4A12C152B8EA}.Release|x64.ActiveCfg = Release|x64
		{6D3E2733-9E8F-475E-81E1-4A12C152B8EA}.Release|x64.Build.0 = Release|x64
		{6D3E2733-9E8F-475E-81E1-4A12C152B8EA}.Release|x86.ActiveCfg = Release|x86
		{6D3E2733-9E8F-475E-81E1-4A12C152B8EA}.Release|x86.Build.0 = Release|x86
	EndGlobalSection
	GlobalSection(SolutionProperties) = preSolution
		HideSolutionNode = FALSE
	EndGlobalSection
	GlobalSection(ExtensibilityGlobals) = postSolution
		SolutionGuid = {81A64855-2EAD-4647-B8D2-CDEBD7B95A08}
	EndGlobalSection
EndGlobal
